
Microsoft Visual Studio Solution File, Format Version 12.00
# Visual Studio Version 17
VisualStudioVersion = 17.1.32328.378
MinimumVisualStudioVersion = 10.0.40219.1
Project("{FAE04EC0-301F-11D3-BF4B-00C04F79EFBC}") = "ProductReviewManagement", "ProductReviewManagement\ProductReviewManagement.csproj", "{58902719-1B59-49FE-A382-D41599B1E3A6}"
EndProject
Global
	GlobalSection(SolutionConfigurationPlatforms) = preSolution
		Debug|Any CPU = Debug|Any CPU
		Release|Any CPU = Release|Any CPU
	EndGlobalSection
	GlobalSection(ProjectConfigurationPlatforms) = postSolution
		{58902719-1B59-49FE-A382-D41599B1E3A6}.Debug|Any CPU.ActiveCfg = Debug|Any CPU
		{58902719-1B59-49FE-A382-D41599B1E3A6}.Debug|Any CPU.Build.0 = Debug|Any CPU
		{58902719-1B59-49FE-A382-D41599B1E3A6}.Release|Any CPU.ActiveCfg = Release|Any CPU
		{58902719-1B59-49FE-A382-D41599B1E3A6}.Release|Any CPU.Build.0 = Release|Any CPU
	EndGlobalSection
	GlobalSection(SolutionProperties) = preSolution
		HideSolutionNode = FALSE
	EndGlobalSection
	GlobalSection(ExtensibilityGlobals) = postSolution
		SolutionGuid = {8038E6BA-6216-41AC-97A2-79DF79DC01B0}
	EndGlobalSection
EndGlobal
